// !$*UTF8*$!
{
	archiveVersion = 1;
	classes = {
	};
	objectVersion = 50;
	objects = {

/* Begin PBXBuildFile section */
		78481A4826189DCC00A07F42 /* ProgressView.swift in Sources */ = {isa = PBXBuildFile; fileRef = 78481A4726189DCC00A07F42 /* ProgressView.swift */; };
		7873545F2619E41600419148 /* DateViewController.swift in Sources */ = {isa = PBXBuildFile; fileRef = 7873545E2619E41600419148 /* DateViewController.swift */; };
		78735464261B9E7D00419148 /* UIImageLoader.swift in Sources */ = {isa = PBXBuildFile; fileRef = 78735463261B9E7D00419148 /* UIImageLoader.swift */; };
		78735467261B9ED600419148 /* ImageView+Ext.swift in Sources */ = {isa = PBXBuildFile; fileRef = 78735466261B9ED600419148 /* ImageView+Ext.swift */; };
		787C31912628BFBB0085D4B8 /* TDTTests.swift in Sources */ = {isa = PBXBuildFile; fileRef = 787C31902628BFBB0085D4B8 /* TDTTests.swift */; };
		787C31B7262C1F930085D4B8 /* UIViewController+Ext.swift in Sources */ = {isa = PBXBuildFile; fileRef = 787C31B6262C1F930085D4B8 /* UIViewController+Ext.swift */; };
		787C31BF262C2DB60085D4B8 /* NotificationCenter.swift in Sources */ = {isa = PBXBuildFile; fileRef = 787C31BE262C2DB60085D4B8 /* NotificationCenter.swift */; };
		787EBF612619A5AC00D5B56F /* ImagesLoader.swift in Sources */ = {isa = PBXBuildFile; fileRef = 787EBF602619A5AC00D5B56F /* ImagesLoader.swift */; };
		7885FCAE261382E400247432 /* AppDelegate.swift in Sources */ = {isa = PBXBuildFile; fileRef = 7885FCAD261382E400247432 /* AppDelegate.swift */; };
		7885FCB0261382E400247432 /* SceneDelegate.swift in Sources */ = {isa = PBXBuildFile; fileRef = 7885FCAF261382E400247432 /* SceneDelegate.swift */; };
		7885FCB5261382E400247432 /* Main.storyboard in Resources */ = {isa = PBXBuildFile; fileRef = 7885FCB3261382E400247432 /* Main.storyboard */; };
		7885FCB7261382E900247432 /* Assets.xcassets in Resources */ = {isa = PBXBuildFile; fileRef = 7885FCB6261382E900247432 /* Assets.xcassets */; };
		7885FCBA261382E900247432 /* LaunchScreen.storyboard in Resources */ = {isa = PBXBuildFile; fileRef = 7885FCB8261382E900247432 /* LaunchScreen.storyboard */; };
		7885FCC52613835E00247432 /* MovieCollectionViewController.swift in Sources */ = {isa = PBXBuildFile; fileRef = 7885FCC42613835E00247432 /* MovieCollectionViewController.swift */; };
		7885FCC82613844F00247432 /* Movie.swift in Sources */ = {isa = PBXBuildFile; fileRef = 7885FCC72613844F00247432 /* Movie.swift */; };
		7885FCCD261384FB00247432 /* MovieCollectionViewCell.swift in Sources */ = {isa = PBXBuildFile; fileRef = 7885FCCC261384FB00247432 /* MovieCollectionViewCell.swift */; };
		7885FCD126139F7A00247432 /* NetworkManager.swift in Sources */ = {isa = PBXBuildFile; fileRef = 7885FCD026139F7A00247432 /* NetworkManager.swift */; };
		7885FCD426139FF800247432 /* TDError.swift in Sources */ = {isa = PBXBuildFile; fileRef = 7885FCD326139FF800247432 /* TDError.swift */; };
		7885FCD7261846B300247432 /* String+Ext.swift in Sources */ = {isa = PBXBuildFile; fileRef = 7885FCD6261846B300247432 /* String+Ext.swift */; };
		7885FCDA2618492F00247432 /* Date+Ext.swift in Sources */ = {isa = PBXBuildFile; fileRef = 7885FCD92618492F00247432 /* Date+Ext.swift */; };
/* End PBXBuildFile section */

/* Begin PBXContainerItemProxy section */
		787C31932628BFBB0085D4B8 /* PBXContainerItemProxy */ = {
			isa = PBXContainerItemProxy;
			containerPortal = 7885FCA2261382E400247432 /* Project object */;
			proxyType = 1;
			remoteGlobalIDString = 7885FCA9261382E400247432;
			remoteInfo = TDT;
		};
/* End PBXContainerItemProxy section */

/* Begin PBXFileReference section */
		78481A4726189DCC00A07F42 /* ProgressView.swift */ = {isa = PBXFileReference; lastKnownFileType = sourcecode.swift; path = ProgressView.swift; sourceTree = "<group>"; };
		7873545E2619E41600419148 /* DateViewController.swift */ = {isa = PBXFileReference; lastKnownFileType = sourcecode.swift; path = DateViewController.swift; sourceTree = "<group>"; };
		78735463261B9E7D00419148 /* UIImageLoader.swift */ = {isa = PBXFileReference; lastKnownFileType = sourcecode.swift; path = UIImageLoader.swift; sourceTree = "<group>"; };
		78735466261B9ED600419148 /* ImageView+Ext.swift */ = {isa = PBXFileReference; lastKnownFileType = sourcecode.swift; path = "ImageView+Ext.swift"; sourceTree = "<group>"; };
		787C318E2628BFBB0085D4B8 /* TDTTests.xctest */ = {isa = PBXFileReference; explicitFileType = wrapper.cfbundle; includeInIndex = 0; path = TDTTests.xctest; sourceTree = BUILT_PRODUCTS_DIR; };
		787C31902628BFBB0085D4B8 /* TDTTests.swift */ = {isa = PBXFileReference; lastKnownFileType = sourcecode.swift; path = TDTTests.swift; sourceTree = "<group>"; };
		787C31922628BFBB0085D4B8 /* Info.plist */ = {isa = PBXFileReference; lastKnownFileType = text.plist.xml; path = Info.plist; sourceTree = "<group>"; };
		787C31B6262C1F930085D4B8 /* UIViewController+Ext.swift */ = {isa = PBXFileReference; lastKnownFileType = sourcecode.swift; path = "UIViewController+Ext.swift"; sourceTree = "<group>"; };
		787C31BE262C2DB60085D4B8 /* NotificationCenter.swift */ = {isa = PBXFileReference; lastKnownFileType = sourcecode.swift; path = NotificationCenter.swift; sourceTree = "<group>"; };
		787EBF602619A5AC00D5B56F /* ImagesLoader.swift */ = {isa = PBXFileReference; lastKnownFileType = sourcecode.swift; path = ImagesLoader.swift; sourceTree = "<group>"; };
		7885FCAA261382E400247432 /* TDT.app */ = {isa = PBXFileReference; explicitFileType = wrapper.application; includeInIndex = 0; path = TDT.app; sourceTree = BUILT_PRODUCTS_DIR; };
		7885FCAD261382E400247432 /* AppDelegate.swift */ = {isa = PBXFileReference; lastKnownFileType = sourcecode.swift; path = AppDelegate.swift; sourceTree = "<group>"; };
		7885FCAF261382E400247432 /* SceneDelegate.swift */ = {isa = PBXFileReference; lastKnownFileType = sourcecode.swift; path = SceneDelegate.swift; sourceTree = "<group>"; };
		7885FCB4261382E400247432 /* Base */ = {isa = PBXFileReference; lastKnownFileType = file.storyboard; name = Base; path = Base.lproj/Main.storyboard; sourceTree = "<group>"; };
		7885FCB6261382E900247432 /* Assets.xcassets */ = {isa = PBXFileReference; lastKnownFileType = folder.assetcatalog; path = Assets.xcassets; sourceTree = "<group>"; };
		7885FCB9261382E900247432 /* Base */ = {isa = PBXFileReference; lastKnownFileType = file.storyboard; name = Base; path = Base.lproj/LaunchScreen.storyboard; sourceTree = "<group>"; };
		7885FCBB261382E900247432 /* Info.plist */ = {isa = PBXFileReference; lastKnownFileType = text.plist.xml; path = Info.plist; sourceTree = "<group>"; };
		7885FCC42613835E00247432 /* MovieCollectionViewController.swift */ = {isa = PBXFileReference; lastKnownFileType = sourcecode.swift; path = MovieCollectionViewController.swift; sourceTree = "<group>"; };
		7885FCC72613844F00247432 /* Movie.swift */ = {isa = PBXFileReference; lastKnownFileType = sourcecode.swift; path = Movie.swift; sourceTree = "<group>"; };
		7885FCCC261384FB00247432 /* MovieCollectionViewCell.swift */ = {isa = PBXFileReference; lastKnownFileType = sourcecode.swift; path = MovieCollectionViewCell.swift; sourceTree = "<group>"; };
		7885FCD026139F7A00247432 /* NetworkManager.swift */ = {isa = PBXFileReference; lastKnownFileType = sourcecode.swift; path = NetworkManager.swift; sourceTree = "<group>"; };
		7885FCD326139FF800247432 /* TDError.swift */ = {isa = PBXFileReference; lastKnownFileType = sourcecode.swift; path = TDError.swift; sourceTree = "<group>"; };
		7885FCD6261846B300247432 /* String+Ext.swift */ = {isa = PBXFileReference; lastKnownFileType = sourcecode.swift; path = "String+Ext.swift"; sourceTree = "<group>"; };
		7885FCD92618492F00247432 /* Date+Ext.swift */ = {isa = PBXFileReference; lastKnownFileType = sourcecode.swift; path = "Date+Ext.swift"; sourceTree = "<group>"; };
/* End PBXFileReference section */

/* Begin PBXFrameworksBuildPhase section */
		787C318B2628BFBB0085D4B8 /* Frameworks */ = {
			isa = PBXFrameworksBuildPhase;
			buildActionMask = 2147483647;
			files = (
			);
			runOnlyForDeploymentPostprocessing = 0;
		};
		7885FCA7261382E400247432 /* Frameworks */ = {
			isa = PBXFrameworksBuildPhase;
			buildActionMask = 2147483647;
			files = (
			);
			runOnlyForDeploymentPostprocessing = 0;
		};
/* End PBXFrameworksBuildPhase section */

/* Begin PBXGroup section */
		787C318F2628BFBB0085D4B8 /* TDTTests */ = {
			isa = PBXGroup;
			children = (
				787C31902628BFBB0085D4B8 /* TDTTests.swift */,
				787C31922628BFBB0085D4B8 /* Info.plist */,
			);
			path = TDTTests;
			sourceTree = "<group>";
		};
		787EBF592618C70C00D5B56F /* Manager */ = {
			isa = PBXGroup;
			children = (
				7885FCD026139F7A00247432 /* NetworkManager.swift */,
				787EBF602619A5AC00D5B56F /* ImagesLoader.swift */,
				78735463261B9E7D00419148 /* UIImageLoader.swift */,
			);
			path = Manager;
			sourceTree = "<group>";
		};
		787EBF5A2618C72900D5B56F /* Screen */ = {
			isa = PBXGroup;
			children = (
				7885FCC42613835E00247432 /* MovieCollectionViewController.swift */,
				7873545E2619E41600419148 /* DateViewController.swift */,
			);
			path = Screen;
			sourceTree = "<group>";
		};
		787EBF5C2618C73900D5B56F /* CustomView */ = {
			isa = PBXGroup;
			children = (
				78481A4726189DCC00A07F42 /* ProgressView.swift */,
				7885FCE026184C8E00247432 /* Cell */,
			);
			path = CustomView;
			sourceTree = "<group>";
		};
		787EBF5E2618C75100D5B56F /* Utility */ = {
			isa = PBXGroup;
			children = (
				7885FCD326139FF800247432 /* TDError.swift */,
				787C31BE262C2DB60085D4B8 /* NotificationCenter.swift */,
			);
			path = Utility;
			sourceTree = "<group>";
		};
		7885FCA1261382E400247432 = {
			isa = PBXGroup;
			children = (
				7885FCAC261382E400247432 /* TDT */,
				787C318F2628BFBB0085D4B8 /* TDTTests */,
				7885FCAB261382E400247432 /* Products */,
			);
			sourceTree = "<group>";
		};
		7885FCAB261382E400247432 /* Products */ = {
			isa = PBXGroup;
			children = (
				7885FCAA261382E400247432 /* TDT.app */,
				787C318E2628BFBB0085D4B8 /* TDTTests.xctest */,
			);
			name = Products;
			sourceTree = "<group>";
		};
		7885FCAC261382E400247432 /* TDT */ = {
			isa = PBXGroup;
			children = (
				787EBF592618C70C00D5B56F /* Manager */,
				787EBF5E2618C75100D5B56F /* Utility */,
				7885FCCA261384BC00247432 /* Model */,
				787EBF5A2618C72900D5B56F /* Screen */,
				787EBF5C2618C73900D5B56F /* CustomView */,
				7885FCDC26184C2300247432 /* Extension */,
				7885FCDE26184C6F00247432 /* Support */,
			);
			path = TDT;
			sourceTree = "<group>";
		};
		7885FCCA261384BC00247432 /* Model */ = {
			isa = PBXGroup;
			children = (
				7885FCC72613844F00247432 /* Movie.swift */,
			);
			path = Model;
			sourceTree = "<group>";
		};
		7885FCDC26184C2300247432 /* Extension */ = {
			isa = PBXGroup;
			children = (
				7885FCD92618492F00247432 /* Date+Ext.swift */,
				7885FCD6261846B300247432 /* String+Ext.swift */,
				78735466261B9ED600419148 /* ImageView+Ext.swift */,
				787C31B6262C1F930085D4B8 /* UIViewController+Ext.swift */,
			);
			path = Extension;
			sourceTree = "<group>";
		};
		7885FCDE26184C6F00247432 /* Support */ = {
			isa = PBXGroup;
			children = (
				7885FCAD261382E400247432 /* AppDelegate.swift */,
				7885FCAF261382E400247432 /* SceneDelegate.swift */,
				7885FCB3261382E400247432 /* Main.storyboard */,
				7885FCB6261382E900247432 /* Assets.xcassets */,
				7885FCB8261382E900247432 /* LaunchScreen.storyboard */,
				7885FCBB261382E900247432 /* Info.plist */,
			);
			path = Support;
			sourceTree = "<group>";
		};
		7885FCE026184C8E00247432 /* Cell */ = {
			isa = PBXGroup;
			children = (
				7885FCCC261384FB00247432 /* MovieCollectionViewCell.swift */,
			);
			path = Cell;
			sourceTree = "<group>";
		};
/* End PBXGroup section */

/* Begin PBXNativeTarget section */
		787C318D2628BFBB0085D4B8 /* TDTTests */ = {
			isa = PBXNativeTarget;
			buildConfigurationList = 787C31952628BFBB0085D4B8 /* Build configuration list for PBXNativeTarget "TDTTests" */;
			buildPhases = (
				787C318A2628BFBB0085D4B8 /* Sources */,
				787C318B2628BFBB0085D4B8 /* Frameworks */,
				787C318C2628BFBB0085D4B8 /* Resources */,
			);
			buildRules = (
			);
			dependencies = (
				787C31942628BFBB0085D4B8 /* PBXTargetDependency */,
			);
			name = TDTTests;
			productName = TDTTests;
			productReference = 787C318E2628BFBB0085D4B8 /* TDTTests.xctest */;
			productType = "com.apple.product-type.bundle.unit-test";
		};
		7885FCA9261382E400247432 /* TDT */ = {
			isa = PBXNativeTarget;
			buildConfigurationList = 7885FCBE261382E900247432 /* Build configuration list for PBXNativeTarget "TDT" */;
			buildPhases = (
				7885FCA6261382E400247432 /* Sources */,
				7885FCA7261382E400247432 /* Frameworks */,
				7885FCA8261382E400247432 /* Resources */,
			);
			buildRules = (
			);
			dependencies = (
			);
			name = TDT;
			productName = TDT;
			productReference = 7885FCAA261382E400247432 /* TDT.app */;
			productType = "com.apple.product-type.application";
		};
/* End PBXNativeTarget section */

/* Begin PBXProject section */
		7885FCA2261382E400247432 /* Project object */ = {
			isa = PBXProject;
			attributes = {
				LastSwiftUpdateCheck = 1240;
				LastUpgradeCheck = 1240;
				TargetAttributes = {
					787C318D2628BFBB0085D4B8 = {
						CreatedOnToolsVersion = 12.4;
						TestTargetID = 7885FCA9261382E400247432;
					};
					7885FCA9261382E400247432 = {
						CreatedOnToolsVersion = 12.4;
					};
				};
			};
			buildConfigurationList = 7885FCA5261382E400247432 /* Build configuration list for PBXProject "TDT" */;
			compatibilityVersion = "Xcode 9.3";
			developmentRegion = en;
			hasScannedForEncodings = 0;
			knownRegions = (
				en,
				Base,
			);
			mainGroup = 7885FCA1261382E400247432;
			productRefGroup = 7885FCAB261382E400247432 /* Products */;
			projectDirPath = "";
			projectRoot = "";
			targets = (
				7885FCA9261382E400247432 /* TDT */,
				787C318D2628BFBB0085D4B8 /* TDTTests */,
			);
		};
/* End PBXProject section */

/* Begin PBXResourcesBuildPhase section */
		787C318C2628BFBB0085D4B8 /* Resources */ = {
			isa = PBXResourcesBuildPhase;
			buildActionMask = 2147483647;
			files = (
			);
			runOnlyForDeploymentPostprocessing = 0;
		};
		7885FCA8261382E400247432 /* Resources */ = {
			isa = PBXResourcesBuildPhase;
			buildActionMask = 2147483647;
			files = (
				7885FCBA261382E900247432 /* LaunchScreen.storyboard in Resources */,
				7885FCB7261382E900247432 /* Assets.xcassets in Resources */,
				7885FCB5261382E400247432 /* Main.storyboard in Resources */,
			);
			runOnlyForDeploymentPostprocessing = 0;
		};
/* End PBXResourcesBuildPhase section */

/* Begin PBXSourcesBuildPhase section */
		787C318A2628BFBB0085D4B8 /* Sources */ = {
			isa = PBXSourcesBuildPhase;
			buildActionMask = 2147483647;
			files = (
				787C31912628BFBB0085D4B8 /* TDTTests.swift in Sources */,
			);
			runOnlyForDeploymentPostprocessing = 0;
		};
		7885FCA6261382E400247432 /* Sources */ = {
			isa = PBXSourcesBuildPhase;
			buildActionMask = 2147483647;
			files = (
				7885FCDA2618492F00247432 /* Date+Ext.swift in Sources */,
				7885FCD126139F7A00247432 /* NetworkManager.swift in Sources */,
				787C31B7262C1F930085D4B8 /* UIViewController+Ext.swift in Sources */,
				7885FCCD261384FB00247432 /* MovieCollectionViewCell.swift in Sources */,
				7885FCC52613835E00247432 /* MovieCollectionViewController.swift in Sources */,
				7873545F2619E41600419148 /* DateViewController.swift in Sources */,
				7885FCAE261382E400247432 /* AppDelegate.swift in Sources */,
				787EBF612619A5AC00D5B56F /* ImagesLoader.swift in Sources */,
				7885FCC82613844F00247432 /* Movie.swift in Sources */,
				7885FCD426139FF800247432 /* TDError.swift in Sources */,
				78481A4826189DCC00A07F42 /* ProgressView.swift in Sources */,
				787C31BF262C2DB60085D4B8 /* NotificationCenter.swift in Sources */,
				7885FCD7261846B300247432 /* String+Ext.swift in Sources */,
				78735467261B9ED600419148 /* ImageView+Ext.swift in Sources */,
				7885FCB0261382E400247432 /* SceneDelegate.swift in Sources */,
				78735464261B9E7D00419148 /* UIImageLoader.swift in Sources */,
			);
			runOnlyForDeploymentPostprocessing = 0;
		};
/* End PBXSourcesBuildPhase section */

/* Begin PBXTargetDependency section */
		787C31942628BFBB0085D4B8 /* PBXTargetDependency */ = {
			isa = PBXTargetDependency;
			target = 7885FCA9261382E400247432 /* TDT */;
			targetProxy = 787C31932628BFBB0085D4B8 /* PBXContainerItemProxy */;
		};
/* End PBXTargetDependency section */

/* Begin PBXVariantGroup section */
		7885FCB3261382E400247432 /* Main.storyboard */ = {
			isa = PBXVariantGroup;
			children = (
				7885FCB4261382E400247432 /* Base */,
			);
			name = Main.storyboard;
			sourceTree = "<group>";
		};
		7885FCB8261382E900247432 /* LaunchScreen.storyboard */ = {
			isa = PBXVariantGroup;
			children = (
				7885FCB9261382E900247432 /* Base */,
			);
			name = LaunchScreen.storyboard;
			sourceTree = "<group>";
		};
/* End PBXVariantGroup section */

/* Begin XCBuildConfiguration section */
		787C31962628BFBB0085D4B8 /* Debug */ = {
			isa = XCBuildConfiguration;
			buildSettings = {
				BUNDLE_LOADER = "$(TEST_HOST)";
				CODE_SIGN_STYLE = Automatic;
				DEVELOPMENT_TEAM = 27ZNNP8X2D;
				INFOPLIST_FILE = TDTTests/Info.plist;
				LD_RUNPATH_SEARCH_PATHS = (
					"$(inherited)",
					"@executable_path/Frameworks",
					"@loader_path/Frameworks",
				);
				PRODUCT_BUNDLE_IDENTIFIER = kru.TDTTests;
				PRODUCT_NAME = "$(TARGET_NAME)";
				SWIFT_VERSION = 5.0;
				TARGETED_DEVICE_FAMILY = "1,2";
				TEST_HOST = "$(BUILT_PRODUCTS_DIR)/TDT.app/TDT";
			};
			name = Debug;
		};
		787C31972628BFBB0085D4B8 /* Release */ = {
			isa = XCBuildConfiguration;
			buildSettings = {
				BUNDLE_LOADER = "$(TEST_HOST)";
				CODE_SIGN_STYLE = Automatic;
				DEVELOPMENT_TEAM = 27ZNNP8X2D;
				INFOPLIST_FILE = TDTTests/Info.plist;
				LD_RUNPATH_SEARCH_PATHS = (
					"$(inherited)",
					"@executable_path/Frameworks",
					"@loader_path/Frameworks",
				);
				PRODUCT_BUNDLE_IDENTIFIER = kru.TDTTests;
				PRODUCT_NAME = "$(TARGET_NAME)";
				SWIFT_VERSION = 5.0;
				TARGETED_DEVICE_FAMILY = "1,2";
				TEST_HOST = "$(BUILT_PRODUCTS_DIR)/TDT.app/TDT";
			};
			name = Release;
		};
		7885FCBC261382E900247432 /* Debug */ = {
			isa = XCBuildConfiguration;
			buildSettings = {
				ALWAYS_SEARCH_USER_PATHS = NO;
				CLANG_ANALYZER_NONNULL = YES;
				CLANG_ANALYZER_NUMBER_OBJECT_CONVERSION = YES_AGGRESSIVE;
				CLANG_CXX_LANGUAGE_STANDARD = "gnu++14";
				CLANG_CXX_LIBRARY = "libc++";
				CLANG_ENABLE_MODULES = YES;
				CLANG_ENABLE_OBJC_ARC = YES;
				CLANG_ENABLE_OBJC_WEAK = YES;
				CLANG_WARN_BLOCK_CAPTURE_AUTORELEASING = YES;
				CLANG_WARN_BOOL_CONVERSION = YES;
				CLANG_WARN_COMMA = YES;
				CLANG_WARN_CONSTANT_CONVERSION = YES;
				CLANG_WARN_DEPRECATED_OBJC_IMPLEMENTATIONS = YES;
				CLANG_WARN_DIRECT_OBJC_ISA_USAGE = YES_ERROR;
				CLANG_WARN_DOCUMENTATION_COMMENTS = YES;
				CLANG_WARN_EMPTY_BODY = YES;
				CLANG_WARN_ENUM_CONVERSION = YES;
				CLANG_WARN_INFINITE_RECURSION = YES;
				CLANG_WARN_INT_CONVERSION = YES;
				CLANG_WARN_NON_LITERAL_NULL_CONVERSION = YES;
				CLANG_WARN_OBJC_IMPLICIT_RETAIN_SELF = YES;
				CLANG_WARN_OBJC_LITERAL_CONVERSION = YES;
				CLANG_WARN_OBJC_ROOT_CLASS = YES_ERROR;
				CLANG_WARN_QUOTED_INCLUDE_IN_FRAMEWORK_HEADER = YES;
				CLANG_WARN_RANGE_LOOP_ANALYSIS = YES;
				CLANG_WARN_STRICT_PROTOTYPES = YES;
				CLANG_WARN_SUSPICIOUS_MOVE = YES;
				CLANG_WARN_UNGUARDED_AVAILABILITY = YES_AGGRESSIVE;
				CLANG_WARN_UNREACHABLE_CODE = YES;
				CLANG_WARN__DUPLICATE_METHOD_MATCH = YES;
				COPY_PHASE_STRIP = NO;
				DEBUG_INFORMATION_FORMAT = dwarf;
				ENABLE_STRICT_OBJC_MSGSEND = YES;
				ENABLE_TESTABILITY = YES;
				GCC_C_LANGUAGE_STANDARD = gnu11;
				GCC_DYNAMIC_NO_PIC = NO;
				GCC_NO_COMMON_BLOCKS = YES;
				GCC_OPTIMIZATION_LEVEL = 0;
				GCC_PREPROCESSOR_DEFINITIONS = (
					"DEBUG=1",
					"$(inherited)",
				);
				GCC_WARN_64_TO_32_BIT_CONVERSION = YES;
				GCC_WARN_ABOUT_RETURN_TYPE = YES_ERROR;
				GCC_WARN_UNDECLARED_SELECTOR = YES;
				GCC_WARN_UNINITIALIZED_AUTOS = YES_AGGRESSIVE;
				GCC_WARN_UNUSED_FUNCTION = YES;
				GCC_WARN_UNUSED_VARIABLE = YES;
				IPHONEOS_DEPLOYMENT_TARGET = 14.4;
				MTL_ENABLE_DEBUG_INFO = INCLUDE_SOURCE;
				MTL_FAST_MATH = YES;
				ONLY_ACTIVE_ARCH = YES;
				SDKROOT = iphoneos;
				SWIFT_ACTIVE_COMPILATION_CONDITIONS = DEBUG;
				SWIFT_OPTIMIZATION_LEVEL = "-Onone";
			};
			name = Debug;
		};
		7885FCBD261382E900247432 /* Release */ = {
			isa = XCBuildConfiguration;
			buildSettings = {
				ALWAYS_SEARCH_USER_PATHS = NO;
				CLANG_ANALYZER_NONNULL = YES;
				CLANG_ANALYZER_NUMBER_OBJECT_CONVERSION = YES_AGGRESSIVE;
				CLANG_CXX_LANGUAGE_STANDARD = "gnu++14";
				CLANG_CXX_LIBRARY = "libc++";
				CLANG_ENABLE_MODULES = YES;
				CLANG_ENABLE_OBJC_ARC = YES;
				CLANG_ENABLE_OBJC_WEAK = YES;
				CLANG_WARN_BLOCK_CAPTURE_AUTORELEASING = YES;
				CLANG_WARN_BOOL_CONVERSION = YES;
				CLANG_WARN_COMMA = YES;
				CLANG_WARN_CONSTANT_CONVERSION = YES;
				CLANG_WARN_DEPRECATED_OBJC_IMPLEMENTATIONS = YES;
				CLANG_WARN_DIRECT_OBJC_ISA_USAGE = YES_ERROR;
				CLANG_WARN_DOCUMENTATION_COMMENTS = YES;
				CLANG_WARN_EMPTY_BODY = YES;
				CLANG_WARN_ENUM_CONVERSION = YES;
				CLANG_WARN_INFINITE_RECURSION = YES;
				CLANG_WARN_INT_CONVERSION = YES;
				CLANG_WARN_NON_LITERAL_NULL_CONVERSION = YES;
				CLANG_WARN_OBJC_IMPLICIT_RETAIN_SELF = YES;
				CLANG_WARN_OBJC_LITERAL_CONVERSION = YES;
				CLANG_WARN_OBJC_ROOT_CLASS = YES_ERROR;
				CLANG_WARN_QUOTED_INCLUDE_IN_FRAMEWORK_HEADER = YES;
				CLANG_WARN_RANGE_LOOP_ANALYSIS = YES;
				CLANG_WARN_STRICT_PROTOTYPES = YES;
				CLANG_WARN_SUSPICIOUS_MOVE = YES;
				CLANG_WARN_UNGUARDED_AVAILABILITY = YES_AGGRESSIVE;
				CLANG_WARN_UNREACHABLE_CODE = YES;
				CLANG_WARN__DUPLICATE_METHOD_MATCH = YES;
				COPY_PHASE_STRIP = NO;
				DEBUG_INFORMATION_FORMAT = "dwarf-with-dsym";
				ENABLE_NS_ASSERTIONS = NO;
				ENABLE_STRICT_OBJC_MSGSEND = YES;
				GCC_C_LANGUAGE_STANDARD = gnu11;
				GCC_NO_COMMON_BLOCKS = YES;
				GCC_WARN_64_TO_32_BIT_CONVERSION = YES;
				GCC_WARN_ABOUT_RETURN_TYPE = YES_ERROR;
				GCC_WARN_UNDECLARED_SELECTOR = YES;
				GCC_WARN_UNINITIALIZED_AUTOS = YES_AGGRESSIVE;
				GCC_WARN_UNUSED_FUNCTION = YES;
				GCC_WARN_UNUSED_VARIABLE = YES;
				IPHONEOS_DEPLOYMENT_TARGET = 14.4;
				MTL_ENABLE_DEBUG_INFO = NO;
				MTL_FAST_MATH = YES;
				SDKROOT = iphoneos;
				SWIFT_COMPILATION_MODE = wholemodule;
				SWIFT_OPTIMIZATION_LEVEL = "-O";
				VALIDATE_PRODUCT = YES;
			};
			name = Release;
		};
		7885FCBF261382E900247432 /* Debug */ = {
			isa = XCBuildConfiguration;
			buildSettings = {
				ASSETCATALOG_COMPILER_APPICON_NAME = AppIcon;
				ASSETCATALOG_COMPILER_GLOBAL_ACCENT_COLOR_NAME = AccentColor;
				CODE_SIGN_STYLE = Automatic;
				DEVELOPMENT_TEAM = 27ZNNP8X2D;
				INFOPLIST_FILE = "$(SRCROOT)/TDT/Support/Info.plist";
				LD_RUNPATH_SEARCH_PATHS = (
					"$(inherited)",
					"@executable_path/Frameworks",
				);
				PRODUCT_BUNDLE_IDENTIFIER = kru.TDT;
				PRODUCT_NAME = "$(TARGET_NAME)";
				SWIFT_VERSION = 5.0;
				TARGETED_DEVICE_FAMILY = 1;
			};
			name = Debug;
		};
		7885FCC0261382E900247432 /* Release */ = {
			isa = XCBuildConfiguration;
			buildSettings = {
				ASSETCATALOG_COMPILER_APPICON_NAME = AppIcon;
				ASSETCATALOG_COMPILER_GLOBAL_ACCENT_COLOR_NAME = AccentColor;
				CODE_SIGN_STYLE = Automatic;
				DEVELOPMENT_TEAM = 27ZNNP8X2D;
				INFOPLIST_FILE = "$(SRCROOT)/TDT/Support/Info.plist";
				LD_RUNPATH_SEARCH_PATHS = (
					"$(inherited)",
					"@executable_path/Frameworks",
				);
				PRODUCT_BUNDLE_IDENTIFIER = kru.TDT;
				PRODUCT_NAME = "$(TARGET_NAME)";
				SWIFT_VERSION = 5.0;
				TARGETED_DEVICE_FAMILY = 1;
			};
			name = Release;
		};
/* End XCBuildConfiguration section */

/* Begin XCConfigurationList section */
		787C31952628BFBB0085D4B8 /* Build configuration list for PBXNativeTarget "TDTTests" */ = {
			isa = XCConfigurationList;
			buildConfigurations = (
				787C31962628BFBB0085D4B8 /* Debug */,
				787C31972628BFBB0085D4B8 /* Release */,
			);
			defaultConfigurationIsVisible = 0;
			defaultConfigurationName = Release;
		};
		7885FCA5261382E400247432 /* Build configuration list for PBXProject "TDT" */ = {
			isa = XCConfigurationList;
			buildConfigurations = (
				7885FCBC261382E900247432 /* Debug */,
				7885FCBD261382E900247432 /* Release */,
			);
			defaultConfigurationIsVisible = 0;
			defaultConfigurationName = Release;
		};
		7885FCBE261382E900247432 /* Build configuration list for PBXNativeTarget "TDT" */ = {
			isa = XCConfigurationList;
			buildConfigurations = (
				7885FCBF261382E900247432 /* Debug */,
				7885FCC0261382E900247432 /* Release */,
			);
			defaultConfigurationIsVisible = 0;
			defaultConfigurationName = Release;
		};
/* End XCConfigurationList section */
	};
	rootObject = 7885FCA2261382E400247432 /* Project object */;
}
